// !$*UTF8*$!
{
	archiveVersion = 1;
	classes = {
	};
	objectVersion = 50;
	objects = {

/* Begin PBXBuildFile section */
		AF21803524D7FF8E00A7DE01 /* AppDelegate.swift in Sources */ = {isa = PBXBuildFile; fileRef = AF21803424D7FF8E00A7DE01 /* AppDelegate.swift */; };
		AF21803724D7FF8E00A7DE01 /* SceneDelegate.swift in Sources */ = {isa = PBXBuildFile; fileRef = AF21803624D7FF8E00A7DE01 /* SceneDelegate.swift */; };
		AF21803924D7FF8E00A7DE01 /* ViewController.swift in Sources */ = {isa = PBXBuildFile; fileRef = AF21803824D7FF8E00A7DE01 /* ViewController.swift */; };
		AF21803C24D7FF8E00A7DE01 /* Main.storyboard in Resources */ = {isa = PBXBuildFile; fileRef = AF21803A24D7FF8E00A7DE01 /* Main.storyboard */; };
		AF21803E24D7FF9300A7DE01 /* Assets.xcassets in Resources */ = {isa = PBXBuildFile; fileRef = AF21803D24D7FF9300A7DE01 /* Assets.xcassets */; };
		AF21804124D7FF9300A7DE01 /* LaunchScreen.storyboard in Resources */ = {isa = PBXBuildFile; fileRef = AF21803F24D7FF9300A7DE01 /* LaunchScreen.storyboard */; };
/* End PBXBuildFile section */

/* Begin PBXFileReference section */
		AF21803124D7FF8E00A7DE01 /* project15.app */ = {isa = PBXFileReference; explicitFileType = wrapper.application; includeInIndex = 0; path = project15.app; sourceTree = BUILT_PRODUCTS_DIR; };
		AF21803424D7FF8E00A7DE01 /* AppDelegate.swift */ = {isa = PBXFileReference; lastKnownFileType = sourcecode.swift; path = AppDelegate.swift; sourceTree = "<group>"; };
		AF21803624D7FF8E00A7DE01 /* SceneDelegate.swift */ = {isa = PBXFileReference; lastKnownFileType = sourcecode.swift; path = SceneDelegate.swift; sourceTree = "<group>"; };
		AF21803824D7FF8E00A7DE01 /* ViewController.swift */ = {isa = PBXFileReference; lastKnownFileType = sourcecode.swift; path = ViewController.swift; sourceTree = "<group>"; };
		AF21803B24D7FF8E00A7DE01 /* Base */ = {isa = PBXFileReference; lastKnownFileType = file.storyboard; name = Base; path = Base.lproj/Main.storyboard; sourceTree = "<group>"; };
		AF21803D24D7FF9300A7DE01 /* Assets.xcassets */ = {isa = PBXFileReference; lastKnownFileType = folder.assetcatalog; path = Assets.xcassets; sourceTree = "<group>"; };
		AF21804024D7FF9300A7DE01 /* Base */ = {isa = PBXFileReference; lastKnownFileType = file.storyboard; name = Base; path = Base.lproj/LaunchScreen.storyboard; sourceTree = "<group>"; };
		AF21804224D7FF9300A7DE01 /* Info.plist */ = {isa = PBXFileReference; lastKnownFileType = text.plist.xml; path = Info.plist; sourceTree = "<group>"; };
/* End PBXFileReference section */

/* Begin PBXFrameworksBuildPhase section */
		AF21802E24D7FF8E00A7DE01 /* Frameworks */ = {
			isa = PBXFrameworksBuildPhase;
			buildActionMask = 2147483647;
			files = (
			);
			runOnlyForDeploymentPostprocessing = 0;
		};
/* End PBXFrameworksBuildPhase section */

/* Begin PBXGroup section */
		AF21802824D7FF8E00A7DE01 = {
			isa = PBXGroup;
			children = (
				AF21803324D7FF8E00A7DE01 /* project15 */,
				AF21803224D7FF8E00A7DE01 /* Products */,
			);
			sourceTree = "<group>";
		};
		AF21803224D7FF8E00A7DE01 /* Products */ = {
			isa = PBXGroup;
			children = (
				AF21803124D7FF8E00A7DE01 /* project15.app */,
			);
			name = Products;
			sourceTree = "<group>";
		};
		AF21803324D7FF8E00A7DE01 /* project15 */ = {
			isa = PBXGroup;
			children = (
				AF21803424D7FF8E00A7DE01 /* AppDelegate.swift */,
				AF21803624D7FF8E00A7DE01 /* SceneDelegate.swift */,
				AF21803824D7FF8E00A7DE01 /* ViewController.swift */,
				AF21803A24D7FF8E00A7DE01 /* Main.storyboard */,
				AF21803D24D7FF9300A7DE01 /* Assets.xcassets */,
				AF21803F24D7FF9300A7DE01 /* LaunchScreen.storyboard */,
				AF21804224D7FF9300A7DE01 /* Info.plist */,
			);
			path = project15;
			sourceTree = "<group>";
		};
/* End PBXGroup section */

/* Begin PBXNativeTarget section */
		AF21803024D7FF8E00A7DE01 /* project15 */ = {
			isa = PBXNativeTarget;
			buildConfigurationList = AF21804524D7FF9300A7DE01 /* Build configuration list for PBXNativeTarget "project15" */;
			buildPhases = (
				AF21802D24D7FF8E00A7DE01 /* Sources */,
				AF21802E24D7FF8E00A7DE01 /* Frameworks */,
				AF21802F24D7FF8E00A7DE01 /* Resources */,
			);
			buildRules = (
			);
			dependencies = (
			);
			name = project15;
			productName = project15;
			productReference = AF21803124D7FF8E00A7DE01 /* project15.app */;
			productType = "com.apple.product-type.application";
		};
/* End PBXNativeTarget section */

/* Begin PBXProject section */
		AF21802924D7FF8E00A7DE01 /* Project object */ = {
			isa = PBXProject;
			attributes = {
				LastSwiftUpdateCheck = 1150;
				LastUpgradeCheck = 1150;
				ORGANIZATIONNAME = "Anisha Lamichhane";
				TargetAttributes = {
					AF21803024D7FF8E00A7DE01 = {
						CreatedOnToolsVersion = 11.5;
					};
				};
			};
			buildConfigurationList = AF21802C24D7FF8E00A7DE01 /* Build configuration list for PBXProject "project15" */;
			compatibilityVersion = "Xcode 9.3";
			developmentRegion = en;
			hasScannedForEncodings = 0;
			knownRegions = (
				en,
				Base,
			);
			mainGroup = AF21802824D7FF8E00A7DE01;
			productRefGroup = AF21803224D7FF8E00A7DE01 /* Products */;
			projectDirPath = "";
			projectRoot = "";
			targets = (
				AF21803024D7FF8E00A7DE01 /* project15 */,
			);
		};
/* End PBXProject section */

/* Begin PBXResourcesBuildPhase section */
		AF21802F24D7FF8E00A7DE01 /* Resources */ = {
			isa = PBXResourcesBuildPhase;
			buildActionMask = 2147483647;
			files = (
				AF21804124D7FF9300A7DE01 /* LaunchScreen.storyboard in Resources */,
				AF21803E24D7FF9300A7DE01 /* Assets.xcassets in Resources */,
				AF21803C24D7FF8E00A7DE01 /* Main.storyboard in Resources */,
			);
			runOnlyForDeploymentPostprocessing = 0;
		};
/* End PBXResourcesBuildPhase section */

/* Begin PBXSourcesBuildPhase section */
		AF21802D24D7FF8E00A7DE01 /* Sources */ = {
			isa = PBXSourcesBuildPhase;
			buildActionMask = 2147483647;
			files = (
				AF21803924D7FF8E00A7DE01 /* ViewController.swift in Sources */,
				AF21803524D7FF8E00A7DE01 /* AppDelegate.swift in Sources */,
				AF21803724D7FF8E00A7DE01 /* SceneDelegate.swift in Sources */,
			);
			runOnlyForDeploymentPostprocessing = 0;
		};
/* End PBXSourcesBuildPhase section */

/* Begin PBXVariantGroup section */
		AF21803A24D7FF8E00A7DE01 /* Main.storyboard */ = {
			isa = PBXVariantGroup;
			children = (
				AF21803B24D7FF8E00A7DE01 /* Base */,
			);
			name = Main.storyboard;
			sourceTree = "<group>";
		};
		AF21803F24D7FF9300A7DE01 /* LaunchScreen.storyboard */ = {
			isa = PBXVariantGroup;
			children = (
				AF21804024D7FF9300A7DE01 /* Base */,
			);
			name = LaunchScreen.storyboard;
			sourceTree = "<group>";
		};
/* End PBXVariantGroup section */

/* Begin XCBuildConfiguration section */
		AF21804324D7FF9300A7DE01 /* Debug */ = {
			isa = XCBuildConfiguration;
			buildSettings = {
				ALWAYS_SEARCH_USER_PATHS = NO;
				CLANG_ANALYZER_NONNULL = YES;
				CLANG_ANALYZER_NUMBER_OBJECT_CONVERSION = YES_AGGRESSIVE;
				CLANG_CXX_LANGUAGE_STANDARD = "gnu++14";
				CLANG_CXX_LIBRARY = "libc++";
				CLANG_ENABLE_MODULES = YES;
				CLANG_ENABLE_OBJC_ARC = YES;
				CLANG_ENABLE_OBJC_WEAK = YES;
				CLANG_WARN_BLOCK_CAPTURE_AUTORELEASING = YES;
				CLANG_WARN_BOOL_CONVERSION = YES;
				CLANG_WARN_COMMA = YES;
				CLANG_WARN_CONSTANT_CONVERSION = YES;
				CLANG_WARN_DEPRECATED_OBJC_IMPLEMENTATIONS = YES;
				CLANG_WARN_DIRECT_OBJC_ISA_USAGE = YES_ERROR;
				CLANG_WARN_DOCUMENTATION_COMMENTS = YES;
				CLANG_WARN_EMPTY_BODY = YES;
				CLANG_WARN_ENUM_CONVERSION = YES;
				CLANG_WARN_INFINITE_RECURSION = YES;
				CLANG_WARN_INT_CONVERSION = YES;
				CLANG_WARN_NON_LITERAL_NULL_CONVERSION = YES;
				CLANG_WARN_OBJC_IMPLICIT_RETAIN_SELF = YES;
				CLANG_WARN_OBJC_LITERAL_CONVERSION = YES;
				CLANG_WARN_OBJC_ROOT_CLASS = YES_ERROR;
				CLANG_WARN_RANGE_LOOP_ANALYSIS = YES;
				CLANG_WARN_STRICT_PROTOTYPES = YES;
				CLANG_WARN_SUSPICIOUS_MOVE = YES;
				CLANG_WARN_UNGUARDED_AVAILABILITY = YES_AGGRESSIVE;
				CLANG_WARN_UNREACHABLE_CODE = YES;
				CLANG_WARN__DUPLICATE_METHOD_MATCH = YES;
				COPY_PHASE_STRIP = NO;
				DEBUG_INFORMATION_FORMAT = dwarf;
				ENABLE_STRICT_OBJC_MSGSEND = YES;
				ENABLE_TESTABILITY = YES;
				GCC_C_LANGUAGE_STANDARD = gnu11;
				GCC_DYNAMIC_NO_PIC = NO;
				GCC_NO_COMMON_BLOCKS = YES;
				GCC_OPTIMIZATION_LEVEL = 0;
				GCC_PREPROCESSOR_DEFINITIONS = (
					"DEBUG=1",
					"$(inherited)",
				);
				GCC_WARN_64_TO_32_BIT_CONVERSION = YES;
				GCC_WARN_ABOUT_RETURN_TYPE = YES_ERROR;
				GCC_WARN_UNDECLARED_SELECTOR = YES;
				GCC_WARN_UNINITIALIZED_AUTOS = YES_AGGRESSIVE;
				GCC_WARN_UNUSED_FUNCTION = YES;
				GCC_WARN_UNUSED_VARIABLE = YES;
				IPHONEOS_DEPLOYMENT_TARGET = 13.5;
				MTL_ENABLE_DEBUG_INFO = INCLUDE_SOURCE;
				MTL_FAST_MATH = YES;
				ONLY_ACTIVE_ARCH = YES;
				SDKROOT = iphoneos;
				SWIFT_ACTIVE_COMPILATION_CONDITIONS = DEBUG;
				SWIFT_OPTIMIZATION_LEVEL = "-Onone";
			};
			name = Debug;
		};
		AF21804424D7FF9300A7DE01 /* Release */ = {
			isa = XCBuildConfiguration;
			buildSettings = {
				ALWAYS_SEARCH_USER_PATHS = NO;
				CLANG_ANALYZER_NONNULL = YES;
				CLANG_ANALYZER_NUMBER_OBJECT_CONVERSION = YES_AGGRESSIVE;
				CLANG_CXX_LANGUAGE_STANDARD = "gnu++14";
				CLANG_CXX_LIBRARY = "libc++";
				CLANG_ENABLE_MODULES = YES;
				CLANG_ENABLE_OBJC_ARC = YES;
				CLANG_ENABLE_OBJC_WEAK = YES;
				CLANG_WARN_BLOCK_CAPTURE_AUTORELEASING = YES;
				CLANG_WARN_BOOL_CONVERSION = YES;
				CLANG_WARN_COMMA = YES;
				CLANG_WARN_CONSTANT_CONVERSION = YES;
				CLANG_WARN_DEPRECATED_OBJC_IMPLEMENTATIONS = YES;
				CLANG_WARN_DIRECT_OBJC_ISA_USAGE = YES_ERROR;
				CLANG_WARN_DOCUMENTATION_COMMENTS = YES;
				CLANG_WARN_EMPTY_BODY = YES;
				CLANG_WARN_ENUM_CONVERSION = YES;
				CLANG_WARN_INFINITE_RECURSION = YES;
				CLANG_WARN_INT_CONVERSION = YES;
				CLANG_WARN_NON_LITERAL_NULL_CONVERSION = YES;
				CLANG_WARN_OBJC_IMPLICIT_RETAIN_SELF = YES;
				CLANG_WARN_OBJC_LITERAL_CONVERSION = YES;
				CLANG_WARN_OBJC_ROOT_CLASS = YES_ERROR;
				CLANG_WARN_RANGE_LOOP_ANALYSIS = YES;
				CLANG_WARN_STRICT_PROTOTYPES = YES;
				CLANG_WARN_SUSPICIOUS_MOVE = YES;
				CLANG_WARN_UNGUARDED_AVAILABILITY = YES_AGGRESSIVE;
				CLANG_WARN_UNREACHABLE_CODE = YES;
				CLANG_WARN__DUPLICATE_METHOD_MATCH = YES;
				COPY_PHASE_STRIP = NO;
				DEBUG_INFORMATION_FORMAT = "dwarf-with-dsym";
				ENABLE_NS_ASSERTIONS = NO;
				ENABLE_STRICT_OBJC_MSGSEND = YES;
				GCC_C_LANGUAGE_STANDARD = gnu11;
				GCC_NO_COMMON_BLOCKS = YES;
				GCC_WARN_64_TO_32_BIT_CONVERSION = YES;
				GCC_WARN_ABOUT_RETURN_TYPE = YES_ERROR;
				GCC_WARN_UNDECLARED_SELECTOR = YES;
				GCC_WARN_UNINITIALIZED_AUTOS = YES_AGGRESSIVE;
				GCC_WARN_UNUSED_FUNCTION = YES;
				GCC_WARN_UNUSED_VARIABLE = YES;
				IPHONEOS_DEPLOYMENT_TARGET = 13.5;
				MTL_ENABLE_DEBUG_INFO = NO;
				MTL_FAST_MATH = YES;
				SDKROOT = iphoneos;
				SWIFT_COMPILATION_MODE = wholemodule;
				SWIFT_OPTIMIZATION_LEVEL = "-O";
				VALIDATE_PRODUCT = YES;
			};
			name = Release;
		};
		AF21804624D7FF9300A7DE01 /* Debug */ = {
			isa = XCBuildConfiguration;
			buildSettings = {
				ASSETCATALOG_COMPILER_APPICON_NAME = AppIcon;
				CODE_SIGN_STYLE = Automatic;
				DEVELOPMENT_TEAM = WBND8H9MX8;
				INFOPLIST_FILE = project15/Info.plist;
				LD_RUNPATH_SEARCH_PATHS = (
					"$(inherited)",
					"@executable_path/Frameworks",
				);
				PRODUCT_BUNDLE_IDENTIFIER = com.ansa.project15;
				PRODUCT_NAME = "$(TARGET_NAME)";
				SWIFT_VERSION = 5.0;
				TARGETED_DEVICE_FAMILY = 2;
			};
			name = Debug;
		};
		AF21804724D7FF9300A7DE01 /* Release */ = {
			isa = XCBuildConfiguration;
			buildSettings = {
				ASSETCATALOG_COMPILER_APPICON_NAME = AppIcon;
				CODE_SIGN_STYLE = Automatic;
				DEVELOPMENT_TEAM = WBND8H9MX8;
				INFOPLIST_FILE = project15/Info.plist;
				LD_RUNPATH_SEARCH_PATHS = (
					"$(inherited)",
					"@executable_path/Frameworks",
				);
				PRODUCT_BUNDLE_IDENTIFIER = com.ansa.project15;
				PRODUCT_NAME = "$(TARGET_NAME)";
				SWIFT_VERSION = 5.0;
				TARGETED_DEVICE_FAMILY = 2;
			};
			name = Release;
		};
/* End XCBuildConfiguration section */

/* Begin XCConfigurationList section */
		AF21802C24D7FF8E00A7DE01 /* Build configuration list for PBXProject "project15" */ = {
			isa = XCConfigurationList;
			buildConfigurations = (
				AF21804324D7FF9300A7DE01 /* Debug */,
				AF21804424D7FF9300A7DE01 /* Release */,
			);
			defaultConfigurationIsVisible = 0;
			defaultConfigurationName = Release;
		};
		AF21804524D7FF9300A7DE01 /* Build configuration list for PBXNativeTarget "project15" */ = {
			isa = XCConfigurationList;
			buildConfigurations = (
				AF21804624D7FF9300A7DE01 /* Debug */,
				AF21804724D7FF9300A7DE01 /* Release */,
			);
			defaultConfigurationIsVisible = 0;
			defaultConfigurationName = Release;
		};
/* End XCConfigurationList section */
	};
	rootObject = AF21802924D7FF8E00A7DE01 /* Project object */;
}
